
Microsoft Visual Studio Solution File, Format Version 12.00
# Visual Studio Version 16
VisualStudioVersion = 16.0.34601.136
MinimumVisualStudioVersion = 10.0.40219.1
Project("{FAE04EC0-301F-11D3-BF4B-00C04F79EFBC}") = "WebXeMay", "WebXeMay\WebXeMay.csproj", "{7FB491D0-9B8E-4676-9B47-7842E294FC07}"
EndProject
Global
	GlobalSection(SolutionConfigurationPlatforms) = preSolution
		Debug|Any CPU = Debug|Any CPU
		Release|Any CPU = Release|Any CPU
	EndGlobalSection
	GlobalSection(ProjectConfigurationPlatforms) = postSolution
		{7FB491D0-9B8E-4676-9B47-7842E294FC07}.Debug|Any CPU.ActiveCfg = Debug|Any CPU
		{7FB491D0-9B8E-4676-9B47-7842E294FC07}.Debug|Any CPU.Build.0 = Debug|Any CPU
		{7FB491D0-9B8E-4676-9B47-7842E294FC07}.Release|Any CPU.ActiveCfg = Release|Any CPU
		{7FB491D0-9B8E-4676-9B47-7842E294FC07}.Release|Any CPU.Build.0 = Release|Any CPU
	EndGlobalSection
	GlobalSection(SolutionProperties) = preSolution
		HideSolutionNode = FALSE
	EndGlobalSection
	GlobalSection(ExtensibilityGlobals) = postSolution
		SolutionGuid = {F99F63D4-A621-4D20-9E26-59632B5A1B88}
	EndGlobalSection
EndGlobal
